
Microsoft Visual Studio Solution File, Format Version 11.00
# Visual Studio 2010
Project("{FAE04EC0-301F-11D3-BF4B-00C04F79EFBC}") = "loopback-xamarin-guide-app", "loopback-xamarin-guide-app\loopback-xamarin-guide-app.csproj", "{8D735F51-293E-4410-A8E3-73B97746739F}"
EndProject
Global
	GlobalSection(SolutionConfigurationPlatforms) = preSolution
		Debug|iPhoneSimulator = Debug|iPhoneSimulator
		Release|iPhoneSimulator = Release|iPhoneSimulator
		Debug|iPhone = Debug|iPhone
		Release|iPhone = Release|iPhone
		Ad-Hoc|iPhone = Ad-Hoc|iPhone
		AppStore|iPhone = AppStore|iPhone
	EndGlobalSection
	GlobalSection(ProjectConfigurationPlatforms) = postSolution
		{8D735F51-293E-4410-A8E3-73B97746739F}.Ad-Hoc|iPhone.ActiveCfg = Ad-Hoc|iPhone
		{8D735F51-293E-4410-A8E3-73B97746739F}.Ad-Hoc|iPhone.Build.0 = Ad-Hoc|iPhone
		{8D735F51-293E-4410-A8E3-73B97746739F}.AppStore|iPhone.ActiveCfg = AppStore|iPhone
		{8D735F51-293E-4410-A8E3-73B97746739F}.AppStore|iPhone.Build.0 = AppStore|iPhone
		{8D735F51-293E-4410-A8E3-73B97746739F}.Debug|iPhone.ActiveCfg = Debug|iPhone
		{8D735F51-293E-4410-A8E3-73B97746739F}.Debug|iPhone.Build.0 = Debug|iPhone
		{8D735F51-293E-4410-A8E3-73B97746739F}.Debug|iPhoneSimulator.ActiveCfg = Debug|iPhoneSimulator
		{8D735F51-293E-4410-A8E3-73B97746739F}.Debug|iPhoneSimulator.Build.0 = Debug|iPhoneSimulator
		{8D735F51-293E-4410-A8E3-73B97746739F}.Release|iPhone.ActiveCfg = Release|iPhone
		{8D735F51-293E-4410-A8E3-73B97746739F}.Release|iPhone.Build.0 = Release|iPhone
		{8D735F51-293E-4410-A8E3-73B97746739F}.Release|iPhoneSimulator.ActiveCfg = Release|iPhoneSimulator
		{8D735F51-293E-4410-A8E3-73B97746739F}.Release|iPhoneSimulator.Build.0 = Release|iPhoneSimulator
	EndGlobalSection
	GlobalSection(MonoDevelopProperties) = preSolution
		StartupItem = loopback-xamarin-guide-app\loopback-xamarin-guide-app.csproj
	EndGlobalSection
EndGlobal
